// !$*UTF8*$!
{
	archiveVersion = 1;
	classes = {
	};
	objectVersion = 51;
	objects = {

/* Begin PBXBuildFile section */
		8AE6D2998F9A7CEC352F75A4 /* Pods_Timer.framework in Frameworks */ = {isa = PBXBuildFile; fileRef = F2A0BCECB90C0F6626BA5EA0 /* Pods_Timer.framework */; };
		BF10F908256C51A600212FD5 /* FavoritesModel.swift in Sources */ = {isa = PBXBuildFile; fileRef = BF10F907256C51A600212FD5 /* FavoritesModel.swift */; };
		BF1BBA25251E1AEB0028859D /* ResultsViewModel.swift in Sources */ = {isa = PBXBuildFile; fileRef = BF1BBA24251E1AEB0028859D /* ResultsViewModel.swift */; };
		BF1BBA2B251E33950028859D /* StatisticsViewController.swift in Sources */ = {isa = PBXBuildFile; fileRef = BF1BBA2A251E33950028859D /* StatisticsViewController.swift */; };
		BF1BBA2D251E33B20028859D /* StatisticsViewModel.swift in Sources */ = {isa = PBXBuildFile; fileRef = BF1BBA2C251E33B20028859D /* StatisticsViewModel.swift */; };
		BF1BBA32251FBFD90028859D /* shortBeep2.wav in Resources */ = {isa = PBXBuildFile; fileRef = BF1BBA2E251FBFD80028859D /* shortBeep2.wav */; };
		BF1BBA33251FBFD90028859D /* longBeepDeep.wav in Resources */ = {isa = PBXBuildFile; fileRef = BF1BBA2F251FBFD80028859D /* longBeepDeep.wav */; };
		BF1BBA34251FBFD90028859D /* shortBeep.wav in Resources */ = {isa = PBXBuildFile; fileRef = BF1BBA30251FBFD90028859D /* shortBeep.wav */; };
		BF1BBA35251FBFD90028859D /* longBeep.wav in Resources */ = {isa = PBXBuildFile; fileRef = BF1BBA31251FBFD90028859D /* longBeep.wav */; };
		BF27EB202522485E00F2811C /* StatisticsTableViewCell.swift in Sources */ = {isa = PBXBuildFile; fileRef = BF27EB1F2522485E00F2811C /* StatisticsTableViewCell.swift */; };
		BF27EB22252262B500F2811C /* SortViewController.swift in Sources */ = {isa = PBXBuildFile; fileRef = BF27EB21252262B500F2811C /* SortViewController.swift */; };
		BF27EB242527D5B600F2811C /* PopupView.swift in Sources */ = {isa = PBXBuildFile; fileRef = BF27EB232527D5B600F2811C /* PopupView.swift */; };
		BF27EB262529226000F2811C /* DateViewController.swift in Sources */ = {isa = PBXBuildFile; fileRef = BF27EB252529226000F2811C /* DateViewController.swift */; };
		BF344AC82549BA8300A8BB2D /* Timer.xcdatamodeld in Sources */ = {isa = PBXBuildFile; fileRef = BF344AC62549BA8200A8BB2D /* Timer.xcdatamodeld */; };
		BF344ACA2549BACC00A8BB2D /* Assets.xcassets in Resources */ = {isa = PBXBuildFile; fileRef = BF344AC92549BACC00A8BB2D /* Assets.xcassets */; };
		BF34B0AA255EB0E70046489C /* BarlowSemiCondensed-Medium.ttf in Resources */ = {isa = PBXBuildFile; fileRef = BF34B0A9255EB0E70046489C /* BarlowSemiCondensed-Medium.ttf */; };
		BF34B0AD255EB1D20046489C /* BarlowSemiCondensed-SemiBold.ttf in Resources */ = {isa = PBXBuildFile; fileRef = BF34B0AC255EB1D20046489C /* BarlowSemiCondensed-SemiBold.ttf */; };
		BF34B0B1255EB30A0046489C /* MyPickerView.swift in Sources */ = {isa = PBXBuildFile; fileRef = BF34B0B0255EB30A0046489C /* MyPickerView.swift */; };
		BF34B0BE2562A6070046489C /* RaceDetailsViewController.swift in Sources */ = {isa = PBXBuildFile; fileRef = BF34B0BD2562A6070046489C /* RaceDetailsViewController.swift */; };
		BF34B0C22562C3200046489C /* DetailRow.swift in Sources */ = {isa = PBXBuildFile; fileRef = BF34B0C12562C3200046489C /* DetailRow.swift */; };
		BF37E4F7253A0A5D00AF4F69 /* CollectionViewCell.swift in Sources */ = {isa = PBXBuildFile; fileRef = BF37E4F6253A0A5D00AF4F69 /* CollectionViewCell.swift */; };
		BF40E51125487DA30059B5C5 /* SpeedViewModel.swift in Sources */ = {isa = PBXBuildFile; fileRef = BF40E51025487DA30059B5C5 /* SpeedViewModel.swift */; };
		BF41D61A256588040051639E /* CustomPickerView.swift in Sources */ = {isa = PBXBuildFile; fileRef = BF41D619256588040051639E /* CustomPickerView.swift */; };
		BF41D620256815DE0051639E /* SortViewModel.swift in Sources */ = {isa = PBXBuildFile; fileRef = BF41D61F256815DE0051639E /* SortViewModel.swift */; };
		BFAA1FB82518E12300B68378 /* BreakObserver.swift in Sources */ = {isa = PBXBuildFile; fileRef = BFAA1FB72518E12300B68378 /* BreakObserver.swift */; };
		BFB357A424E9ADC900E117DD /* AppDelegate.swift in Sources */ = {isa = PBXBuildFile; fileRef = BFB357A324E9ADC900E117DD /* AppDelegate.swift */; };
		BFB357A624E9ADC900E117DD /* SceneDelegate.swift in Sources */ = {isa = PBXBuildFile; fileRef = BFB357A524E9ADC900E117DD /* SceneDelegate.swift */; };
		BFB357A824E9ADC900E117DD /* CameraViewController.swift in Sources */ = {isa = PBXBuildFile; fileRef = BFB357A724E9ADC900E117DD /* CameraViewController.swift */; };
		BFB357AB24E9ADC900E117DD /* Main.storyboard in Resources */ = {isa = PBXBuildFile; fileRef = BFB357A924E9ADC900E117DD /* Main.storyboard */; };
		BFB357B324E9ADCD00E117DD /* LaunchScreen.storyboard in Resources */ = {isa = PBXBuildFile; fileRef = BFB357B124E9ADCD00E117DD /* LaunchScreen.storyboard */; };
		BFB357BB24E9AE2100E117DD /* CameraCapture.swift in Sources */ = {isa = PBXBuildFile; fileRef = BFB357BA24E9AE2100E117DD /* CameraCapture.swift */; };
		BFB357BD24E9AE3100E117DD /* ViewModel.swift in Sources */ = {isa = PBXBuildFile; fileRef = BFB357BC24E9AE3100E117DD /* ViewModel.swift */; };
		BFB357BF24E9AE3A00E117DD /* Model.swift in Sources */ = {isa = PBXBuildFile; fileRef = BFB357BE24E9AE3A00E117DD /* Model.swift */; };
		BFB357C124E9AE6600E117DD /* Constants.swift in Sources */ = {isa = PBXBuildFile; fileRef = BFB357C024E9AE6600E117DD /* Constants.swift */; };
		BFCDE62E252141380032D4C5 /* SetSpeedViewController.swift in Sources */ = {isa = PBXBuildFile; fileRef = BFCDE62D252141380032D4C5 /* SetSpeedViewController.swift */; };
		BFCDE6312521F70B0032D4C5 /* ResultsTableViewCell.swift in Sources */ = {isa = PBXBuildFile; fileRef = BFCDE6302521F70B0032D4C5 /* ResultsTableViewCell.swift */; };
		BFD59B1625633B2300BC778E /* BarlowSemiCondensed-Light.ttf in Resources */ = {isa = PBXBuildFile; fileRef = BFD59B1525633B2300BC778E /* BarlowSemiCondensed-Light.ttf */; };
		BFE599DD251A0FF900ED5147 /* StartViewController.swift in Sources */ = {isa = PBXBuildFile; fileRef = BFE599DC251A0FF900ED5147 /* StartViewController.swift */; };
		BFE599E2251A11CB00ED5147 /* StartViewModel.swift in Sources */ = {isa = PBXBuildFile; fileRef = BFE599E1251A11CB00ED5147 /* StartViewModel.swift */; };
		BFE599E6251A1F6400ED5147 /* ResultsViewController.swift in Sources */ = {isa = PBXBuildFile; fileRef = BFE599E5251A1F6400ED5147 /* ResultsViewController.swift */; };
/* End PBXBuildFile section */

/* Begin PBXFileReference section */
		4F07087E6523E0088281EC29 /* Pods-Timer.release.xcconfig */ = {isa = PBXFileReference; includeInIndex = 1; lastKnownFileType = text.xcconfig; name = "Pods-Timer.release.xcconfig"; path = "Target Support Files/Pods-Timer/Pods-Timer.release.xcconfig"; sourceTree = "<group>"; };
		6F7D290546E1D6723808F440 /* Pods-Timer.debug.xcconfig */ = {isa = PBXFileReference; includeInIndex = 1; lastKnownFileType = text.xcconfig; name = "Pods-Timer.debug.xcconfig"; path = "Target Support Files/Pods-Timer/Pods-Timer.debug.xcconfig"; sourceTree = "<group>"; };
		BF10F907256C51A600212FD5 /* FavoritesModel.swift */ = {isa = PBXFileReference; fileEncoding = 4; lastKnownFileType = sourcecode.swift; path = FavoritesModel.swift; sourceTree = "<group>"; };
		BF1BBA24251E1AEB0028859D /* ResultsViewModel.swift */ = {isa = PBXFileReference; lastKnownFileType = sourcecode.swift; path = ResultsViewModel.swift; sourceTree = "<group>"; };
		BF1BBA2A251E33950028859D /* StatisticsViewController.swift */ = {isa = PBXFileReference; lastKnownFileType = sourcecode.swift; path = StatisticsViewController.swift; sourceTree = "<group>"; };
		BF1BBA2C251E33B20028859D /* StatisticsViewModel.swift */ = {isa = PBXFileReference; lastKnownFileType = sourcecode.swift; path = StatisticsViewModel.swift; sourceTree = "<group>"; };
		BF1BBA2E251FBFD80028859D /* shortBeep2.wav */ = {isa = PBXFileReference; lastKnownFileType = audio.wav; path = shortBeep2.wav; sourceTree = "<group>"; };
		BF1BBA2F251FBFD80028859D /* longBeepDeep.wav */ = {isa = PBXFileReference; lastKnownFileType = audio.wav; path = longBeepDeep.wav; sourceTree = "<group>"; };
		BF1BBA30251FBFD90028859D /* shortBeep.wav */ = {isa = PBXFileReference; lastKnownFileType = audio.wav; path = shortBeep.wav; sourceTree = "<group>"; };
		BF1BBA31251FBFD90028859D /* longBeep.wav */ = {isa = PBXFileReference; lastKnownFileType = audio.wav; path = longBeep.wav; sourceTree = "<group>"; };
		BF1BBA41251FE5600028859D /* LICENSE.txt */ = {isa = PBXFileReference; lastKnownFileType = text; path = LICENSE.txt; sourceTree = "<group>"; };
		BF27EB1F2522485E00F2811C /* StatisticsTableViewCell.swift */ = {isa = PBXFileReference; lastKnownFileType = sourcecode.swift; path = StatisticsTableViewCell.swift; sourceTree = "<group>"; };
		BF27EB21252262B500F2811C /* SortViewController.swift */ = {isa = PBXFileReference; lastKnownFileType = sourcecode.swift; path = SortViewController.swift; sourceTree = "<group>"; };
		BF27EB232527D5B600F2811C /* PopupView.swift */ = {isa = PBXFileReference; lastKnownFileType = sourcecode.swift; path = PopupView.swift; sourceTree = "<group>"; };
		BF27EB252529226000F2811C /* DateViewController.swift */ = {isa = PBXFileReference; lastKnownFileType = sourcecode.swift; path = DateViewController.swift; sourceTree = "<group>"; };
		BF344AC72549BA8200A8BB2D /* Timer.xcdatamodel */ = {isa = PBXFileReference; lastKnownFileType = wrapper.xcdatamodel; path = Timer.xcdatamodel; sourceTree = "<group>"; };
		BF344AC92549BACC00A8BB2D /* Assets.xcassets */ = {isa = PBXFileReference; lastKnownFileType = folder.assetcatalog; name = Assets.xcassets; path = Timer/Assets.xcassets; sourceTree = "<group>"; };
		BF34B0A9255EB0E70046489C /* BarlowSemiCondensed-Medium.ttf */ = {isa = PBXFileReference; lastKnownFileType = file; path = "BarlowSemiCondensed-Medium.ttf"; sourceTree = "<group>"; };
		BF34B0AC255EB1D20046489C /* BarlowSemiCondensed-SemiBold.ttf */ = {isa = PBXFileReference; lastKnownFileType = file; path = "BarlowSemiCondensed-SemiBold.ttf"; sourceTree = "<group>"; };
		BF34B0B0255EB30A0046489C /* MyPickerView.swift */ = {isa = PBXFileReference; lastKnownFileType = sourcecode.swift; path = MyPickerView.swift; sourceTree = "<group>"; };
		BF34B0BD2562A6070046489C /* RaceDetailsViewController.swift */ = {isa = PBXFileReference; lastKnownFileType = sourcecode.swift; path = RaceDetailsViewController.swift; sourceTree = "<group>"; };
		BF34B0C12562C3200046489C /* DetailRow.swift */ = {isa = PBXFileReference; lastKnownFileType = sourcecode.swift; path = DetailRow.swift; sourceTree = "<group>"; };
		BF37E4F6253A0A5D00AF4F69 /* CollectionViewCell.swift */ = {isa = PBXFileReference; lastKnownFileType = sourcecode.swift; path = CollectionViewCell.swift; sourceTree = "<group>"; };
		BF40E51025487DA30059B5C5 /* SpeedViewModel.swift */ = {isa = PBXFileReference; lastKnownFileType = sourcecode.swift; path = SpeedViewModel.swift; sourceTree = "<group>"; };
		BF41D619256588040051639E /* CustomPickerView.swift */ = {isa = PBXFileReference; lastKnownFileType = sourcecode.swift; path = CustomPickerView.swift; sourceTree = "<group>"; };
		BF41D61F256815DE0051639E /* SortViewModel.swift */ = {isa = PBXFileReference; lastKnownFileType = sourcecode.swift; path = SortViewModel.swift; sourceTree = "<group>"; };
		BFAA1FB72518E12300B68378 /* BreakObserver.swift */ = {isa = PBXFileReference; lastKnownFileType = sourcecode.swift; path = BreakObserver.swift; sourceTree = "<group>"; };
		BFB357A024E9ADC900E117DD /* Timer.app */ = {isa = PBXFileReference; explicitFileType = wrapper.application; includeInIndex = 0; path = Timer.app; sourceTree = BUILT_PRODUCTS_DIR; };
		BFB357A324E9ADC900E117DD /* AppDelegate.swift */ = {isa = PBXFileReference; lastKnownFileType = sourcecode.swift; path = AppDelegate.swift; sourceTree = "<group>"; };
		BFB357A524E9ADC900E117DD /* SceneDelegate.swift */ = {isa = PBXFileReference; lastKnownFileType = sourcecode.swift; path = SceneDelegate.swift; sourceTree = "<group>"; };
		BFB357A724E9ADC900E117DD /* CameraViewController.swift */ = {isa = PBXFileReference; lastKnownFileType = sourcecode.swift; path = CameraViewController.swift; sourceTree = "<group>"; };
		BFB357AA24E9ADC900E117DD /* Base */ = {isa = PBXFileReference; lastKnownFileType = file.storyboard; name = Base; path = Base.lproj/Main.storyboard; sourceTree = "<group>"; };
		BFB357B224E9ADCD00E117DD /* Base */ = {isa = PBXFileReference; lastKnownFileType = file.storyboard; name = Base; path = Base.lproj/LaunchScreen.storyboard; sourceTree = "<group>"; };
		BFB357B424E9ADCD00E117DD /* Info.plist */ = {isa = PBXFileReference; lastKnownFileType = text.plist.xml; path = Info.plist; sourceTree = "<group>"; };
		BFB357BA24E9AE2100E117DD /* CameraCapture.swift */ = {isa = PBXFileReference; lastKnownFileType = sourcecode.swift; path = CameraCapture.swift; sourceTree = "<group>"; };
		BFB357BC24E9AE3100E117DD /* ViewModel.swift */ = {isa = PBXFileReference; lastKnownFileType = sourcecode.swift; path = ViewModel.swift; sourceTree = "<group>"; };
		BFB357BE24E9AE3A00E117DD /* Model.swift */ = {isa = PBXFileReference; lastKnownFileType = sourcecode.swift; path = Model.swift; sourceTree = "<group>"; };
		BFB357C024E9AE6600E117DD /* Constants.swift */ = {isa = PBXFileReference; lastKnownFileType = sourcecode.swift; path = Constants.swift; sourceTree = "<group>"; };
		BFCDE62D252141380032D4C5 /* SetSpeedViewController.swift */ = {isa = PBXFileReference; lastKnownFileType = sourcecode.swift; path = SetSpeedViewController.swift; sourceTree = "<group>"; };
		BFCDE6302521F70B0032D4C5 /* ResultsTableViewCell.swift */ = {isa = PBXFileReference; lastKnownFileType = sourcecode.swift; path = ResultsTableViewCell.swift; sourceTree = "<group>"; };
		BFD59B1525633B2300BC778E /* BarlowSemiCondensed-Light.ttf */ = {isa = PBXFileReference; lastKnownFileType = file; path = "BarlowSemiCondensed-Light.ttf"; sourceTree = "<group>"; };
		BFE599DC251A0FF900ED5147 /* StartViewController.swift */ = {isa = PBXFileReference; lastKnownFileType = sourcecode.swift; path = StartViewController.swift; sourceTree = "<group>"; };
		BFE599E1251A11CB00ED5147 /* StartViewModel.swift */ = {isa = PBXFileReference; lastKnownFileType = sourcecode.swift; path = StartViewModel.swift; sourceTree = "<group>"; };
		BFE599E5251A1F6400ED5147 /* ResultsViewController.swift */ = {isa = PBXFileReference; lastKnownFileType = sourcecode.swift; path = ResultsViewController.swift; sourceTree = "<group>"; };
		F2A0BCECB90C0F6626BA5EA0 /* Pods_Timer.framework */ = {isa = PBXFileReference; explicitFileType = wrapper.framework; includeInIndex = 0; path = Pods_Timer.framework; sourceTree = BUILT_PRODUCTS_DIR; };
/* End PBXFileReference section */

/* Begin PBXFrameworksBuildPhase section */
		BFB3579D24E9ADC900E117DD /* Frameworks */ = {
			isa = PBXFrameworksBuildPhase;
			buildActionMask = 2147483647;
			files = (
				8AE6D2998F9A7CEC352F75A4 /* Pods_Timer.framework in Frameworks */,
			);
			runOnlyForDeploymentPostprocessing = 0;
		};
/* End PBXFrameworksBuildPhase section */

/* Begin PBXGroup section */
		0F81B0011170540A7EB365A0 /* Frameworks */ = {
			isa = PBXGroup;
			children = (
				F2A0BCECB90C0F6626BA5EA0 /* Pods_Timer.framework */,
			);
			name = Frameworks;
			sourceTree = "<group>";
		};
		8347915231E5F34D496892EC /* Pods */ = {
			isa = PBXGroup;
			children = (
				6F7D290546E1D6723808F440 /* Pods-Timer.debug.xcconfig */,
				4F07087E6523E0088281EC29 /* Pods-Timer.release.xcconfig */,
			);
			path = Pods;
			sourceTree = "<group>";
		};
		BF1BBA36251FBFEF0028859D /* Sounds */ = {
			isa = PBXGroup;
			children = (
				BF1BBA31251FBFD90028859D /* longBeep.wav */,
				BF1BBA30251FBFD90028859D /* shortBeep.wav */,
				BF1BBA2E251FBFD80028859D /* shortBeep2.wav */,
				BF1BBA2F251FBFD80028859D /* longBeepDeep.wav */,
			);
			path = Sounds;
			sourceTree = "<group>";
		};
		BF1BBA39251FE51D0028859D /* Fonts */ = {
			isa = PBXGroup;
			children = (
				BF1BBA41251FE5600028859D /* LICENSE.txt */,
				BF34B0AC255EB1D20046489C /* BarlowSemiCondensed-SemiBold.ttf */,
				BF34B0A9255EB0E70046489C /* BarlowSemiCondensed-Medium.ttf */,
				BFD59B1525633B2300BC778E /* BarlowSemiCondensed-Light.ttf */,
			);
			path = Fonts;
			sourceTree = "<group>";
		};
		BF27EB1E2522483A00F2811C /* Statistics */ = {
			isa = PBXGroup;
			children = (
				BF1BBA2A251E33950028859D /* StatisticsViewController.swift */,
				BF1BBA2C251E33B20028859D /* StatisticsViewModel.swift */,
				BF27EB1F2522485E00F2811C /* StatisticsTableViewCell.swift */,
				BF27EB21252262B500F2811C /* SortViewController.swift */,
				BF41D61F256815DE0051639E /* SortViewModel.swift */,
				BF27EB252529226000F2811C /* DateViewController.swift */,
				BF34B0BD2562A6070046489C /* RaceDetailsViewController.swift */,
				BF34B0C12562C3200046489C /* DetailRow.swift */,
			);
			path = Statistics;
			sourceTree = "<group>";
		};
		BFAA1FBB25190C8200B68378 /* Model */ = {
			isa = PBXGroup;
			children = (
				BFB357BE24E9AE3A00E117DD /* Model.swift */,
				BF10F907256C51A600212FD5 /* FavoritesModel.swift */,
				BFAA1FBC25190E5C00B68378 /* Monitor */,
				BFAA1FB72518E12300B68378 /* BreakObserver.swift */,
				BFB357BA24E9AE2100E117DD /* CameraCapture.swift */,
			);
			path = Model;
			sourceTree = "<group>";
		};
		BFAA1FBC25190E5C00B68378 /* Monitor */ = {
			isa = PBXGroup;
			children = (
			);
			path = Monitor;
			sourceTree = "<group>";
		};
		BFB3579724E9ADC900E117DD = {
			isa = PBXGroup;
			children = (
				BFF9F108256C584700802810 /* Classes */,
				BFF9F100256C570800802810 /* StartView */,
				BFF9F102256C572A00802810 /* SetRaceView */,
				BFF9F104256C57A000802810 /* CameraView */,
				BFF9F105256C57BF00802810 /* ResultsView */,
				BF27EB1E2522483A00F2811C /* Statistics */,
				BFAA1FBB25190C8200B68378 /* Model */,
				BFB357A224E9ADC900E117DD /* Timer */,
				BF344AC92549BACC00A8BB2D /* Assets.xcassets */,
				BFB357A124E9ADC900E117DD /* Products */,
				8347915231E5F34D496892EC /* Pods */,
				0F81B0011170540A7EB365A0 /* Frameworks */,
			);
			sourceTree = "<group>";
		};
		BFB357A124E9ADC900E117DD /* Products */ = {
			isa = PBXGroup;
			children = (
				BFB357A024E9ADC900E117DD /* Timer.app */,
			);
			name = Products;
			sourceTree = "<group>";
		};
		BFB357A224E9ADC900E117DD /* Timer */ = {
			isa = PBXGroup;
			children = (
				BFB357C024E9AE6600E117DD /* Constants.swift */,
				BFB357A324E9ADC900E117DD /* AppDelegate.swift */,
				BFB357A524E9ADC900E117DD /* SceneDelegate.swift */,
				BFB357A924E9ADC900E117DD /* Main.storyboard */,
				BFB357B124E9ADCD00E117DD /* LaunchScreen.storyboard */,
				BFB357B424E9ADCD00E117DD /* Info.plist */,
				BF344AC62549BA8200A8BB2D /* Timer.xcdatamodeld */,
				BF1BBA36251FBFEF0028859D /* Sounds */,
				BF1BBA39251FE51D0028859D /* Fonts */,
			);
			path = Timer;
			sourceTree = "<group>";
		};
		BFF9F100256C570800802810 /* StartView */ = {
			isa = PBXGroup;
			children = (
				BFE599DC251A0FF900ED5147 /* StartViewController.swift */,
				BFE599E1251A11CB00ED5147 /* StartViewModel.swift */,
			);
			path = StartView;
			sourceTree = "<group>";
		};
		BFF9F102256C572A00802810 /* SetRaceView */ = {
			isa = PBXGroup;
			children = (
				BFCDE62D252141380032D4C5 /* SetSpeedViewController.swift */,
				BF40E51025487DA30059B5C5 /* SpeedViewModel.swift */,
			);
			path = SetRaceView;
			sourceTree = "<group>";
		};
		BFF9F104256C57A000802810 /* CameraView */ = {
			isa = PBXGroup;
			children = (
				BFB357A724E9ADC900E117DD /* CameraViewController.swift */,
				BFB357BC24E9AE3100E117DD /* ViewModel.swift */,
			);
			path = CameraView;
			sourceTree = "<group>";
		};
		BFF9F105256C57BF00802810 /* ResultsView */ = {
			isa = PBXGroup;
			children = (
				BFE599E5251A1F6400ED5147 /* ResultsViewController.swift */,
				BFCDE6302521F70B0032D4C5 /* ResultsTableViewCell.swift */,
				BF1BBA24251E1AEB0028859D /* ResultsViewModel.swift */,
			);
			path = ResultsView;
			sourceTree = "<group>";
		};
		BFF9F108256C584700802810 /* Classes */ = {
			isa = PBXGroup;
			children = (
				BF37E4F6253A0A5D00AF4F69 /* CollectionViewCell.swift */,
				BF34B0B0255EB30A0046489C /* MyPickerView.swift */,
				BF27EB232527D5B600F2811C /* PopupView.swift */,
				BF41D619256588040051639E /* CustomPickerView.swift */,
			);
			path = Classes;
			sourceTree = "<group>";
		};
/* End PBXGroup section */

/* Begin PBXNativeTarget section */
		BFB3579F24E9ADC900E117DD /* Timer */ = {
			isa = PBXNativeTarget;
			buildConfigurationList = BFB357B724E9ADCD00E117DD /* Build configuration list for PBXNativeTarget "Timer" */;
			buildPhases = (
				35E2F20A7367EAB1CCCD5666 /* [CP] Check Pods Manifest.lock */,
				BFB3579C24E9ADC900E117DD /* Sources */,
				BFB3579D24E9ADC900E117DD /* Frameworks */,
				BFB3579E24E9ADC900E117DD /* Resources */,
				859EF088104EDB43FF631B4F /* [CP] Embed Pods Frameworks */,
			);
			buildRules = (
			);
			dependencies = (
			);
			name = Timer;
			productName = Timer;
			productReference = BFB357A024E9ADC900E117DD /* Timer.app */;
			productType = "com.apple.product-type.application";
		};
/* End PBXNativeTarget section */

/* Begin PBXProject section */
		BFB3579824E9ADC900E117DD /* Project object */ = {
			isa = PBXProject;
			attributes = {
				LastSwiftUpdateCheck = 1150;
				LastUpgradeCheck = 1150;
				ORGANIZATIONNAME = Ingrid;
				TargetAttributes = {
					BFB3579F24E9ADC900E117DD = {
						CreatedOnToolsVersion = 11.5;
					};
				};
			};
			buildConfigurationList = BFB3579B24E9ADC900E117DD /* Build configuration list for PBXProject "Timer" */;
			compatibilityVersion = "Xcode 9.3";
			developmentRegion = en;
			hasScannedForEncodings = 0;
			knownRegions = (
				en,
				Base,
			);
			mainGroup = BFB3579724E9ADC900E117DD;
			productRefGroup = BFB357A124E9ADC900E117DD /* Products */;
			projectDirPath = "";
			projectRoot = "";
			targets = (
				BFB3579F24E9ADC900E117DD /* Timer */,
			);
		};
/* End PBXProject section */

/* Begin PBXResourcesBuildPhase section */
		BFB3579E24E9ADC900E117DD /* Resources */ = {
			isa = PBXResourcesBuildPhase;
			buildActionMask = 2147483647;
			files = (
				BF34B0AD255EB1D20046489C /* BarlowSemiCondensed-SemiBold.ttf in Resources */,
				BF34B0AA255EB0E70046489C /* BarlowSemiCondensed-Medium.ttf in Resources */,
				BFD59B1625633B2300BC778E /* BarlowSemiCondensed-Light.ttf in Resources */,
				BF1BBA35251FBFD90028859D /* longBeep.wav in Resources */,
				BFB357B324E9ADCD00E117DD /* LaunchScreen.storyboard in Resources */,
				BF1BBA34251FBFD90028859D /* shortBeep.wav in Resources */,
				BF1BBA33251FBFD90028859D /* longBeepDeep.wav in Resources */,
				BFB357AB24E9ADC900E117DD /* Main.storyboard in Resources */,
				BF344ACA2549BACC00A8BB2D /* Assets.xcassets in Resources */,
				BF1BBA32251FBFD90028859D /* shortBeep2.wav in Resources */,
			);
			runOnlyForDeploymentPostprocessing = 0;
		};
/* End PBXResourcesBuildPhase section */

/* Begin PBXShellScriptBuildPhase section */
		35E2F20A7367EAB1CCCD5666 /* [CP] Check Pods Manifest.lock */ = {
			isa = PBXShellScriptBuildPhase;
			buildActionMask = 2147483647;
			files = (
			);
			inputFileListPaths = (
			);
			inputPaths = (
				"${PODS_PODFILE_DIR_PATH}/Podfile.lock",
				"${PODS_ROOT}/Manifest.lock",
			);
			name = "[CP] Check Pods Manifest.lock";
			outputFileListPaths = (
			);
			outputPaths = (
				"$(DERIVED_FILE_DIR)/Pods-Timer-checkManifestLockResult.txt",
			);
			runOnlyForDeploymentPostprocessing = 0;
			shellPath = /bin/sh;
			shellScript = "diff \"${PODS_PODFILE_DIR_PATH}/Podfile.lock\" \"${PODS_ROOT}/Manifest.lock\" > /dev/null\nif [ $? != 0 ] ; then\n    # print error to STDERR\n    echo \"error: The sandbox is not in sync with the Podfile.lock. Run 'pod install' or update your CocoaPods installation.\" >&2\n    exit 1\nfi\n# This output is used by Xcode 'outputs' to avoid re-running this script phase.\necho \"SUCCESS\" > \"${SCRIPT_OUTPUT_FILE_0}\"\n";
			showEnvVarsInLog = 0;
		};
		859EF088104EDB43FF631B4F /* [CP] Embed Pods Frameworks */ = {
			isa = PBXShellScriptBuildPhase;
			buildActionMask = 2147483647;
			files = (
			);
			inputFileListPaths = (
				"${PODS_ROOT}/Target Support Files/Pods-Timer/Pods-Timer-frameworks-${CONFIGURATION}-input-files.xcfilelist",
			);
			name = "[CP] Embed Pods Frameworks";
			outputFileListPaths = (
				"${PODS_ROOT}/Target Support Files/Pods-Timer/Pods-Timer-frameworks-${CONFIGURATION}-output-files.xcfilelist",
			);
			runOnlyForDeploymentPostprocessing = 0;
			shellPath = /bin/sh;
			shellScript = "\"${PODS_ROOT}/Target Support Files/Pods-Timer/Pods-Timer-frameworks.sh\"\n";
			showEnvVarsInLog = 0;
		};
/* End PBXShellScriptBuildPhase section */

/* Begin PBXSourcesBuildPhase section */
		BFB3579C24E9ADC900E117DD /* Sources */ = {
			isa = PBXSourcesBuildPhase;
			buildActionMask = 2147483647;
			files = (
				BF34B0BE2562A6070046489C /* RaceDetailsViewController.swift in Sources */,
				BFB357BF24E9AE3A00E117DD /* Model.swift in Sources */,
				BFE599E2251A11CB00ED5147 /* StartViewModel.swift in Sources */,
				BFB357A824E9ADC900E117DD /* CameraViewController.swift in Sources */,
				BF34B0C22562C3200046489C /* DetailRow.swift in Sources */,
				BF1BBA2B251E33950028859D /* StatisticsViewController.swift in Sources */,
				BFCDE6312521F70B0032D4C5 /* ResultsTableViewCell.swift in Sources */,
				BF37E4F7253A0A5D00AF4F69 /* CollectionViewCell.swift in Sources */,
				BFE599E6251A1F6400ED5147 /* ResultsViewController.swift in Sources */,
				BF27EB262529226000F2811C /* DateViewController.swift in Sources */,
				BFB357A424E9ADC900E117DD /* AppDelegate.swift in Sources */,
				BF34B0B1255EB30A0046489C /* MyPickerView.swift in Sources */,
				BF10F908256C51A600212FD5 /* FavoritesModel.swift in Sources */,
				BFB357A624E9ADC900E117DD /* SceneDelegate.swift in Sources */,
				BF1BBA2D251E33B20028859D /* StatisticsViewModel.swift in Sources */,
				BF1BBA25251E1AEB0028859D /* ResultsViewModel.swift in Sources */,
				BF27EB202522485E00F2811C /* StatisticsTableViewCell.swift in Sources */,
				BF40E51125487DA30059B5C5 /* SpeedViewModel.swift in Sources */,
				BF27EB242527D5B600F2811C /* PopupView.swift in Sources */,
				BF27EB22252262B500F2811C /* SortViewController.swift in Sources */,
				BFE599DD251A0FF900ED5147 /* StartViewController.swift in Sources */,
				BFB357BB24E9AE2100E117DD /* CameraCapture.swift in Sources */,
				BFCDE62E252141380032D4C5 /* SetSpeedViewController.swift in Sources */,
				BFB357BD24E9AE3100E117DD /* ViewModel.swift in Sources */,
				BF41D61A256588040051639E /* CustomPickerView.swift in Sources */,
				BF344AC82549BA8300A8BB2D /* Timer.xcdatamodeld in Sources */,
				BFAA1FB82518E12300B68378 /* BreakObserver.swift in Sources */,
				BF41D620256815DE0051639E /* SortViewModel.swift in Sources */,
				BFB357C124E9AE6600E117DD /* Constants.swift in Sources */,
			);
			runOnlyForDeploymentPostprocessing = 0;
		};
/* End PBXSourcesBuildPhase section */

/* Begin PBXVariantGroup section */
		BFB357A924E9ADC900E117DD /* Main.storyboard */ = {
			isa = PBXVariantGroup;
			children = (
				BFB357AA24E9ADC900E117DD /* Base */,
			);
			name = Main.storyboard;
			sourceTree = "<group>";
		};
		BFB357B124E9ADCD00E117DD /* LaunchScreen.storyboard */ = {
			isa = PBXVariantGroup;
			children = (
				BFB357B224E9ADCD00E117DD /* Base */,
			);
			name = LaunchScreen.storyboard;
			sourceTree = "<group>";
		};
/* End PBXVariantGroup section */

/* Begin XCBuildConfiguration section */
		BFB357B524E9ADCD00E117DD /* Debug */ = {
			isa = XCBuildConfiguration;
			buildSettings = {
				ALWAYS_SEARCH_USER_PATHS = NO;
				CLANG_ANALYZER_NONNULL = YES;
				CLANG_ANALYZER_NUMBER_OBJECT_CONVERSION = YES_AGGRESSIVE;
				CLANG_CXX_LANGUAGE_STANDARD = "gnu++14";
				CLANG_CXX_LIBRARY = "libc++";
				CLANG_ENABLE_MODULES = YES;
				CLANG_ENABLE_OBJC_ARC = YES;
				CLANG_ENABLE_OBJC_WEAK = YES;
				CLANG_WARN_BLOCK_CAPTURE_AUTORELEASING = YES;
				CLANG_WARN_BOOL_CONVERSION = YES;
				CLANG_WARN_COMMA = YES;
				CLANG_WARN_CONSTANT_CONVERSION = YES;
				CLANG_WARN_DEPRECATED_OBJC_IMPLEMENTATIONS = YES;
				CLANG_WARN_DIRECT_OBJC_ISA_USAGE = YES_ERROR;
				CLANG_WARN_DOCUMENTATION_COMMENTS = YES;
				CLANG_WARN_EMPTY_BODY = YES;
				CLANG_WARN_ENUM_CONVERSION = YES;
				CLANG_WARN_INFINITE_RECURSION = YES;
				CLANG_WARN_INT_CONVERSION = YES;
				CLANG_WARN_NON_LITERAL_NULL_CONVERSION = YES;
				CLANG_WARN_OBJC_IMPLICIT_RETAIN_SELF = YES;
				CLANG_WARN_OBJC_LITERAL_CONVERSION = YES;
				CLANG_WARN_OBJC_ROOT_CLASS = YES_ERROR;
				CLANG_WARN_RANGE_LOOP_ANALYSIS = YES;
				CLANG_WARN_STRICT_PROTOTYPES = YES;
				CLANG_WARN_SUSPICIOUS_MOVE = YES;
				CLANG_WARN_UNGUARDED_AVAILABILITY = YES_AGGRESSIVE;
				CLANG_WARN_UNREACHABLE_CODE = YES;
				CLANG_WARN__DUPLICATE_METHOD_MATCH = YES;
				COPY_PHASE_STRIP = NO;
				DEBUG_INFORMATION_FORMAT = dwarf;
				ENABLE_STRICT_OBJC_MSGSEND = YES;
				ENABLE_TESTABILITY = YES;
				GCC_C_LANGUAGE_STANDARD = gnu11;
				GCC_DYNAMIC_NO_PIC = NO;
				GCC_NO_COMMON_BLOCKS = YES;
				GCC_OPTIMIZATION_LEVEL = 0;
				GCC_PREPROCESSOR_DEFINITIONS = (
					"DEBUG=1",
					"$(inherited)",
				);
				GCC_WARN_64_TO_32_BIT_CONVERSION = YES;
				GCC_WARN_ABOUT_RETURN_TYPE = YES_ERROR;
				GCC_WARN_UNDECLARED_SELECTOR = YES;
				GCC_WARN_UNINITIALIZED_AUTOS = YES_AGGRESSIVE;
				GCC_WARN_UNUSED_FUNCTION = YES;
				GCC_WARN_UNUSED_VARIABLE = YES;
				IPHONEOS_DEPLOYMENT_TARGET = 13.5;
				MTL_ENABLE_DEBUG_INFO = INCLUDE_SOURCE;
				MTL_FAST_MATH = YES;
				ONLY_ACTIVE_ARCH = YES;
				SDKROOT = iphoneos;
				SWIFT_ACTIVE_COMPILATION_CONDITIONS = DEBUG;
				SWIFT_OPTIMIZATION_LEVEL = "-Onone";
			};
			name = Debug;
		};
		BFB357B624E9ADCD00E117DD /* Release */ = {
			isa = XCBuildConfiguration;
			buildSettings = {
				ALWAYS_SEARCH_USER_PATHS = NO;
				CLANG_ANALYZER_NONNULL = YES;
				CLANG_ANALYZER_NUMBER_OBJECT_CONVERSION = YES_AGGRESSIVE;
				CLANG_CXX_LANGUAGE_STANDARD = "gnu++14";
				CLANG_CXX_LIBRARY = "libc++";
				CLANG_ENABLE_MODULES = YES;
				CLANG_ENABLE_OBJC_ARC = YES;
				CLANG_ENABLE_OBJC_WEAK = YES;
				CLANG_WARN_BLOCK_CAPTURE_AUTORELEASING = YES;
				CLANG_WARN_BOOL_CONVERSION = YES;
				CLANG_WARN_COMMA = YES;
				CLANG_WARN_CONSTANT_CONVERSION = YES;
				CLANG_WARN_DEPRECATED_OBJC_IMPLEMENTATIONS = YES;
				CLANG_WARN_DIRECT_OBJC_ISA_USAGE = YES_ERROR;
				CLANG_WARN_DOCUMENTATION_COMMENTS = YES;
				CLANG_WARN_EMPTY_BODY = YES;
				CLANG_WARN_ENUM_CONVERSION = YES;
				CLANG_WARN_INFINITE_RECURSION = YES;
				CLANG_WARN_INT_CONVERSION = YES;
				CLANG_WARN_NON_LITERAL_NULL_CONVERSION = YES;
				CLANG_WARN_OBJC_IMPLICIT_RETAIN_SELF = YES;
				CLANG_WARN_OBJC_LITERAL_CONVERSION = YES;
				CLANG_WARN_OBJC_ROOT_CLASS = YES_ERROR;
				CLANG_WARN_RANGE_LOOP_ANALYSIS = YES;
				CLANG_WARN_STRICT_PROTOTYPES = YES;
				CLANG_WARN_SUSPICIOUS_MOVE = YES;
				CLANG_WARN_UNGUARDED_AVAILABILITY = YES_AGGRESSIVE;
				CLANG_WARN_UNREACHABLE_CODE = YES;
				CLANG_WARN__DUPLICATE_METHOD_MATCH = YES;
				COPY_PHASE_STRIP = NO;
				DEBUG_INFORMATION_FORMAT = "dwarf-with-dsym";
				ENABLE_NS_ASSERTIONS = NO;
				ENABLE_STRICT_OBJC_MSGSEND = YES;
				GCC_C_LANGUAGE_STANDARD = gnu11;
				GCC_NO_COMMON_BLOCKS = YES;
				GCC_WARN_64_TO_32_BIT_CONVERSION = YES;
				GCC_WARN_ABOUT_RETURN_TYPE = YES_ERROR;
				GCC_WARN_UNDECLARED_SELECTOR = YES;
				GCC_WARN_UNINITIALIZED_AUTOS = YES_AGGRESSIVE;
				GCC_WARN_UNUSED_FUNCTION = YES;
				GCC_WARN_UNUSED_VARIABLE = YES;
				IPHONEOS_DEPLOYMENT_TARGET = 13.5;
				MTL_ENABLE_DEBUG_INFO = NO;
				MTL_FAST_MATH = YES;
				SDKROOT = iphoneos;
				SWIFT_COMPILATION_MODE = wholemodule;
				SWIFT_OPTIMIZATION_LEVEL = "-O";
				VALIDATE_PRODUCT = YES;
			};
			name = Release;
		};
		BFB357B824E9ADCD00E117DD /* Debug */ = {
			isa = XCBuildConfiguration;
			baseConfigurationReference = 6F7D290546E1D6723808F440 /* Pods-Timer.debug.xcconfig */;
			buildSettings = {
				ASSETCATALOG_COMPILER_APPICON_NAME = AppIcon;
				CODE_SIGN_STYLE = Automatic;
				DEVELOPMENT_TEAM = TDRH7B9W9S;
				INFOPLIST_FILE = Timer/Info.plist;
				LD_RUNPATH_SEARCH_PATHS = (
					"$(inherited)",
					"@executable_path/Frameworks",
				);
				PRODUCT_BUNDLE_IDENTIFIER = ingrid.Timer;
				PRODUCT_NAME = Timer;
				SWIFT_VERSION = 5.0;
				TARGETED_DEVICE_FAMILY = "1,2";
			};
			name = Debug;
		};
		BFB357B924E9ADCD00E117DD /* Release */ = {
			isa = XCBuildConfiguration;
			baseConfigurationReference = 4F07087E6523E0088281EC29 /* Pods-Timer.release.xcconfig */;
			buildSettings = {
				ASSETCATALOG_COMPILER_APPICON_NAME = AppIcon;
				CODE_SIGN_STYLE = Automatic;
				DEVELOPMENT_TEAM = TDRH7B9W9S;
				INFOPLIST_FILE = Timer/Info.plist;
				LD_RUNPATH_SEARCH_PATHS = (
					"$(inherited)",
					"@executable_path/Frameworks",
				);
				PRODUCT_BUNDLE_IDENTIFIER = ingrid.Timer;
				PRODUCT_NAME = Timer;
				SWIFT_VERSION = 5.0;
				TARGETED_DEVICE_FAMILY = "1,2";
			};
			name = Release;
		};
/* End XCBuildConfiguration section */

/* Begin XCConfigurationList section */
		BFB3579B24E9ADC900E117DD /* Build configuration list for PBXProject "Timer" */ = {
			isa = XCConfigurationList;
			buildConfigurations = (
				BFB357B524E9ADCD00E117DD /* Debug */,
				BFB357B624E9ADCD00E117DD /* Release */,
			);
			defaultConfigurationIsVisible = 0;
			defaultConfigurationName = Release;
		};
		BFB357B724E9ADCD00E117DD /* Build configuration list for PBXNativeTarget "Timer" */ = {
			isa = XCConfigurationList;
			buildConfigurations = (
				BFB357B824E9ADCD00E117DD /* Debug */,
				BFB357B924E9ADCD00E117DD /* Release */,
			);
			defaultConfigurationIsVisible = 0;
			defaultConfigurationName = Release;
		};
/* End XCConfigurationList section */

/* Begin XCVersionGroup section */
		BF344AC62549BA8200A8BB2D /* Timer.xcdatamodeld */ = {
			isa = XCVersionGroup;
			children = (
				BF344AC72549BA8200A8BB2D /* Timer.xcdatamodel */,
			);
			currentVersion = BF344AC72549BA8200A8BB2D /* Timer.xcdatamodel */;
			path = Timer.xcdatamodeld;
			sourceTree = "<group>";
			versionGroupType = wrapper.xcdatamodel;
		};
/* End XCVersionGroup section */
	};
	rootObject = BFB3579824E9ADC900E117DD /* Project object */;
}
